
Microsoft Visual Studio Solution File, Format Version 12.00
# Visual Studio 15
VisualStudioVersion = 15.0.26730.3
MinimumVisualStudioVersion = 10.0.40219.1
Project("{FAE04EC0-301F-11D3-BF4B-00C04F79EFBC}") = "Lab02", "Lab02\Lab02.csproj", "{33018EFE-B6DC-4430-A6B2-7C058F531923}"
EndProject
Global
	GlobalSection(SolutionConfigurationPlatforms) = preSolution
		Debug|Any CPU = Debug|Any CPU
		Release|Any CPU = Release|Any CPU
	EndGlobalSection
	GlobalSection(ProjectConfigurationPlatforms) = postSolution
		{33018EFE-B6DC-4430-A6B2-7C058F531923}.Debug|Any CPU.ActiveCfg = Debug|Any CPU
		{33018EFE-B6DC-4430-A6B2-7C058F531923}.Debug|Any CPU.Build.0 = Debug|Any CPU
		{33018EFE-B6DC-4430-A6B2-7C058F531923}.Release|Any CPU.ActiveCfg = Release|Any CPU
		{33018EFE-B6DC-4430-A6B2-7C058F531923}.Release|Any CPU.Build.0 = Release|Any CPU
	EndGlobalSection
	GlobalSection(SolutionProperties) = preSolution
		HideSolutionNode = FALSE
	EndGlobalSection
	GlobalSection(ExtensibilityGlobals) = postSolution
		SolutionGuid = {BAD36D86-58AD-421E-AE6C-0283D91FE374}
	EndGlobalSection
EndGlobal
